
Microsoft Visual Studio Solution File, Format Version 12.00
Project("{FAE04EC0-301F-11D3-BF4B-00C04F79EFBC}") = "Sakura.Core", "Sakura.Core\Sakura.Core.csproj", "{20425D43-D685-4EFD-9029-614A7651DD97}"
EndProject
Global
	GlobalSection(SolutionConfigurationPlatforms) = preSolution
		Debug|Any CPU = Debug|Any CPU
		Release|Any CPU = Release|Any CPU
	EndGlobalSection
	GlobalSection(ProjectConfigurationPlatforms) = postSolution
		{20425D43-D685-4EFD-9029-614A7651DD97}.Debug|Any CPU.ActiveCfg = Debug|Any CPU
		{20425D43-D685-4EFD-9029-614A7651DD97}.Debug|Any CPU.Build.0 = Debug|Any CPU
		{20425D43-D685-4EFD-9029-614A7651DD97}.Release|Any CPU.ActiveCfg = Release|Any CPU
		{20425D43-D685-4EFD-9029-614A7651DD97}.Release|Any CPU.Build.0 = Release|Any CPU
	EndGlobalSection
EndGlobal
